{
  "version": 4,
  "terraform_version": "1.12.2",
  "serial": 98,
  "lineage": "4e106565-c879-57c3-43b4-dffbeb9b458b",
  "outputs": {
    "db_subnet_id": {
      "value": "48e54b7ceda84211b720cb9a5dbf17e3",
      "type": "string"
    },
    "igw_output": {
      "value": {
        "description": "Internet GW generated from Terraform",
        "firewall_enabled": true,
        "firewall_loggable": false,
        "id": "f9006171d8aa4664a375841f2dd9d454",
        "internet_gateway": {
          "account_id": "bdcf2f95633b47ca8d615752614f46e1",
          "created_at": "2025-12-01T07:20:16Z",
          "created_by": "37a7368b7fb24174b4724e318bd7d4ab",
          "description": "Internet GW generated from Terraform",
          "firewall_id": "bf18029a36414136acfa7d152c72ef08",
          "id": "f9006171d8aa4664a375841f2dd9d454",
          "loggable": false,
          "modified_at": "2025-12-01T07:20:36Z",
          "modified_by": "37a7368b7fb24174b4724e318bd7d4ab",
          "name": "IGW_tf-vpc-hol4",
          "state": "ACTIVE",
          "type": "IGW",
          "vpc_id": "909579575c2745cd829d13689be6ed8f",
          "vpc_name": "tf-vpc-hol4"
        },
        "loggable": null,
        "tags": {
          "Environment": "hol4",
          "ManagedBy": "Terraform",
          "Project": "scp-terraform-hol3"
        },
        "type": "IGW",
        "vpc_id": "909579575c2745cd829d13689be6ed8f"
      },
      "type": [
        "object",
        {
          "description": "string",
          "firewall_enabled": "bool",
          "firewall_loggable": "bool",
          "id": "string",
          "internet_gateway": [
            "object",
            {
              "account_id": "string",
              "created_at": "string",
              "created_by": "string",
              "description": "string",
              "firewall_id": "string",
              "id": "string",
              "loggable": "bool",
              "modified_at": "string",
              "modified_by": "string",
              "name": "string",
              "state": "string",
              "type": "string",
              "vpc_id": "string",
              "vpc_name": "string"
            }
          ],
          "loggable": "bool",
          "tags": [
            "map",
            "string"
          ],
          "type": "string",
          "vpc_id": "string"
        }
      ]
    },
    "k8s_subnet_id": {
      "value": "59cb14938f5e4dacb23e2c9ff76b9fc2",
      "type": "string"
    },
    "lb_subnet_id": {
      "value": "d78d76f3ec0243cbbaeb59f5feb95778",
      "type": "string"
    },
    "vpc_output": {
      "value": {
        "cidr": "192.168.0.0/16",
        "description": "Vpc generated from Terraform",
        "id": "909579575c2745cd829d13689be6ed8f",
        "name": "tf-vpc-hol4",
        "tags": {
          "Environment": "hol4",
          "ManagedBy": "Terraform",
          "Project": "scp-terraform-hol3"
        },
        "vpc": {
          "account_id": "bdcf2f95633b47ca8d615752614f46e1",
          "cidr": "192.168.0.0/16",
          "created_at": "2025-12-01T07:20:14Z",
          "created_by": "37a7368b7fb24174b4724e318bd7d4ab",
          "description": "Vpc generated from Terraform",
          "id": "909579575c2745cd829d13689be6ed8f",
          "modified_at": "2025-12-01T07:20:14Z",
          "modified_by": "37a7368b7fb24174b4724e318bd7d4ab",
          "name": "tf-vpc-hol4",
          "state": "ACTIVE"
        }
      },
      "type": [
        "object",
        {
          "cidr": "string",
          "description": "string",
          "id": "string",
          "name": "string",
          "tags": [
            "map",
            "string"
          ],
          "vpc": [
            "object",
            {
              "account_id": "string",
              "cidr": "string",
              "created_at": "string",
              "created_by": "string",
              "description": "string",
              "id": "string",
              "modified_at": "string",
              "modified_by": "string",
              "name": "string",
              "state": "string"
            }
          ]
        }
      ]
    }
  },
  "resources": [
    {
      "mode": "data",
      "type": "http",
      "name": "my_public_ip",
      "provider": "provider[\"registry.terraform.io/hashicorp/http\"]",
      "instances": [
        {
          "schema_version": 0,
          "attributes": {
            "body": "123.41.32.115\n",
            "ca_cert_pem": null,
            "id": "https://ipv4.icanhazip.com",
            "insecure": null,
            "method": null,
            "request_body": null,
            "request_headers": null,
            "request_timeout_ms": null,
            "response_body": "123.41.32.115\n",
            "response_body_base64": "MTIzLjQxLjMyLjExNQo=",
            "response_headers": {
              "Access-Control-Allow-Methods": "GET",
              "Access-Control-Allow-Origin": "*",
              "Alt-Svc": "h3=\":443\"; ma=86400",
              "Cf-Ray": "9a70e96c6bb4ea14-ICN",
              "Content-Length": "14",
              "Content-Type": "text/plain",
              "Date": "Mon, 01 Dec 2025 07:36:08 GMT",
              "Server": "cloudflare",
              "Set-Cookie": "__cf_bm=tm5g3ninS3qFekq3lDHYG..p1znJjiWDI2WcIDUkico-1764574568-1.0.1.1-_m8Yv.Ov._jr91w2QtFjsWxVIVHxIEjeyNY8b0W_fL4lm_gNVt_3VZI.BTiHx8tOmiKKo1lWddRgX_e_REUahp4_765GoGOU_d0F_plnJ8Y; path=/; expires=Mon, 01-Dec-25 08:06:08 GMT; domain=.icanhazip.com; HttpOnly; Secure; SameSite=None",
              "Vary": "Accept-Encoding"
            },
            "retry": null,
            "status_code": 200,
            "url": "https://ipv4.icanhazip.com"
          },
          "sensitive_attributes": [],
          "identity_schema_version": 0
        }
      ]
    },
    {
      "mode": "managed",
      "type": "samsungcloudplatformv2_firewall_firewall_rule",
      "name": "my_igw_fwrule_k8s",
      "provider": "provider[\"registry.terraform.io/samsungsdscloud/samsungcloudplatformv2\"]",
      "instances": [
        {
          "schema_version": 0,
          "attributes": {
            "firewall_id": "bf18029a36414136acfa7d152c72ef08",
            "firewall_rule": {
              "action": "ALLOW",
              "created_at": "2025-12-01T07:20:45Z",
              "created_by": "37a7368b7fb24174b4724e318bd7d4ab",
              "description": "Rule from terraform",
              "destination_address": [
                "192.168.50.0/24"
              ],
              "destination_interface": "IFW1-v1210dn",
              "direction": "INBOUND",
              "firewall_id": "bf18029a36414136acfa7d152c72ef08",
              "id": "b04ca644d350491baabb8177dd11bae2",
              "modified_at": "2025-12-01T07:20:45Z",
              "modified_by": "37a7368b7fb24174b4724e318bd7d4ab",
              "name": "b04ca644d350491baabb8177dd11bae2",
              "sequence": 300,
              "service": [
                {
                  "service_type": "TCP",
                  "service_value": "80"
                },
                {
                  "service_type": "TCP",
                  "service_value": "443"
                },
                {
                  "service_type": "TCP",
                  "service_value": "6443"
                }
              ],
              "source_address": [
                "0.0.0.0/0"
              ],
              "source_interface": "IFW1-v1710up",
              "state": "ACTIVE",
              "status": "ENABLE",
              "vendor_rule_id": "513"
            },
            "firewall_rule_create": {
              "action": "ALLOW",
              "description": "Rule from terraform",
              "destination_address": [
                "192.168.50.0/24"
              ],
              "direction": "INBOUND",
              "order_direction": null,
              "order_rule_id": null,
              "service": [
                {
                  "service_type": "TCP",
                  "service_value": "80"
                },
                {
                  "service_type": "TCP",
                  "service_value": "443"
                },
                {
                  "service_type": "TCP",
                  "service_value": "6443"
                }
              ],
              "source_address": [
                "0.0.0.0/0"
              ],
              "status": "ENABLE"
            },
            "id": "b04ca644d350491baabb8177dd11bae2"
          },
          "sensitive_attributes": [],
          "identity_schema_version": 0,
          "dependencies": [
            "samsungcloudplatformv2_firewall_firewall_rule.my_igw_fwrule_systemupdate",
            "samsungcloudplatformv2_firewall_firewall_rule.my_igw_fwrule_webservice",
            "samsungcloudplatformv2_vpc_internet_gateway.my_igw",
            "samsungcloudplatformv2_vpc_vpc.my_vpc"
          ]
        }
      ]
    },
    {
      "mode": "managed",
      "type": "samsungcloudplatformv2_firewall_firewall_rule",
      "name": "my_igw_fwrule_ssh",
      "provider": "provider[\"registry.terraform.io/samsungsdscloud/samsungcloudplatformv2\"]",
      "instances": [
        {
          "schema_version": 0,
          "attributes": {
            "firewall_id": "bf18029a36414136acfa7d152c72ef08",
            "firewall_rule": {
              "action": "ALLOW",
              "created_at": "2025-12-01T07:20:46Z",
              "created_by": "37a7368b7fb24174b4724e318bd7d4ab",
              "description": "Rule from terraform",
              "destination_address": [
                "192.168.50.0/24"
              ],
              "destination_interface": "IFW1-v1210dn",
              "direction": "INBOUND",
              "firewall_id": "bf18029a36414136acfa7d152c72ef08",
              "id": "aa7f879d0d18455a9978a2c99f485ae8",
              "modified_at": "2025-12-01T07:20:47Z",
              "modified_by": "37a7368b7fb24174b4724e318bd7d4ab",
              "name": "aa7f879d0d18455a9978a2c99f485ae8",
              "sequence": 400,
              "service": [
                {
                  "service_type": "TCP",
                  "service_value": "22"
                }
              ],
              "source_address": [
                "123.41.32.115"
              ],
              "source_interface": "IFW1-v1710up",
              "state": "ACTIVE",
              "status": "ENABLE",
              "vendor_rule_id": "514"
            },
            "firewall_rule_create": {
              "action": "ALLOW",
              "description": "Rule from terraform",
              "destination_address": [
                "192.168.50.0/24"
              ],
              "direction": "INBOUND",
              "order_direction": null,
              "order_rule_id": null,
              "service": [
                {
                  "service_type": "TCP",
                  "service_value": "22"
                }
              ],
              "source_address": [
                "123.41.32.115"
              ],
              "status": "ENABLE"
            },
            "id": "aa7f879d0d18455a9978a2c99f485ae8"
          },
          "sensitive_attributes": [],
          "identity_schema_version": 0,
          "dependencies": [
            "data.http.my_public_ip",
            "samsungcloudplatformv2_firewall_firewall_rule.my_igw_fwrule_k8s",
            "samsungcloudplatformv2_firewall_firewall_rule.my_igw_fwrule_systemupdate",
            "samsungcloudplatformv2_firewall_firewall_rule.my_igw_fwrule_webservice",
            "samsungcloudplatformv2_vpc_internet_gateway.my_igw",
            "samsungcloudplatformv2_vpc_vpc.my_vpc"
          ]
        }
      ]
    },
    {
      "mode": "managed",
      "type": "samsungcloudplatformv2_firewall_firewall_rule",
      "name": "my_igw_fwrule_systemupdate",
      "provider": "provider[\"registry.terraform.io/samsungsdscloud/samsungcloudplatformv2\"]",
      "instances": [
        {
          "schema_version": 0,
          "attributes": {
            "firewall_id": "bf18029a36414136acfa7d152c72ef08",
            "firewall_rule": {
              "action": "ALLOW",
              "created_at": "2025-12-01T07:20:43Z",
              "created_by": "37a7368b7fb24174b4724e318bd7d4ab",
              "description": "Rule from terraform",
              "destination_address": [
                "0.0.0.0/0"
              ],
              "destination_interface": "IFW1-v1710up",
              "direction": "OUTBOUND",
              "firewall_id": "bf18029a36414136acfa7d152c72ef08",
              "id": "f45c76163ffe49e8be4019686f1f7495",
              "modified_at": "2025-12-01T07:20:43Z",
              "modified_by": "37a7368b7fb24174b4724e318bd7d4ab",
              "name": "f45c76163ffe49e8be4019686f1f7495",
              "sequence": 100,
              "service": [
                {
                  "service_type": "TCP",
                  "service_value": "80"
                },
                {
                  "service_type": "TCP",
                  "service_value": "443"
                }
              ],
              "source_address": [
                "192.168.50.0/24"
              ],
              "source_interface": "IFW1-v1210dn",
              "state": "ACTIVE",
              "status": "ENABLE",
              "vendor_rule_id": "511"
            },
            "firewall_rule_create": {
              "action": "ALLOW",
              "description": "Rule from terraform",
              "destination_address": [
                "0.0.0.0/0"
              ],
              "direction": "OUTBOUND",
              "order_direction": null,
              "order_rule_id": null,
              "service": [
                {
                  "service_type": "TCP",
                  "service_value": "80"
                },
                {
                  "service_type": "TCP",
                  "service_value": "443"
                }
              ],
              "source_address": [
                "192.168.50.0/24"
              ],
              "status": "ENABLE"
            },
            "id": "f45c76163ffe49e8be4019686f1f7495"
          },
          "sensitive_attributes": [],
          "identity_schema_version": 0,
          "dependencies": [
            "samsungcloudplatformv2_vpc_internet_gateway.my_igw",
            "samsungcloudplatformv2_vpc_vpc.my_vpc"
          ]
        }
      ]
    },
    {
      "mode": "managed",
      "type": "samsungcloudplatformv2_firewall_firewall_rule",
      "name": "my_igw_fwrule_webservice",
      "provider": "provider[\"registry.terraform.io/samsungsdscloud/samsungcloudplatformv2\"]",
      "instances": [
        {
          "schema_version": 0,
          "attributes": {
            "firewall_id": "bf18029a36414136acfa7d152c72ef08",
            "firewall_rule": {
              "action": "ALLOW",
              "created_at": "2025-12-01T07:20:44Z",
              "created_by": "37a7368b7fb24174b4724e318bd7d4ab",
              "description": "Rule from terraform",
              "destination_address": [
                "192.168.0.0/24"
              ],
              "destination_interface": "IFW1-v1210dn",
              "direction": "INBOUND",
              "firewall_id": "bf18029a36414136acfa7d152c72ef08",
              "id": "9970634395b84bcfae38df6b771b36a1",
              "modified_at": "2025-12-01T07:20:44Z",
              "modified_by": "37a7368b7fb24174b4724e318bd7d4ab",
              "name": "9970634395b84bcfae38df6b771b36a1",
              "sequence": 200,
              "service": [
                {
                  "service_type": "TCP",
                  "service_value": "80"
                },
                {
                  "service_type": "TCP",
                  "service_value": "443"
                }
              ],
              "source_address": [
                "0.0.0.0/0"
              ],
              "source_interface": "IFW1-v1710up",
              "state": "ACTIVE",
              "status": "ENABLE",
              "vendor_rule_id": "512"
            },
            "firewall_rule_create": {
              "action": "ALLOW",
              "description": "Rule from terraform",
              "destination_address": [
                "192.168.0.0/24"
              ],
              "direction": "INBOUND",
              "order_direction": null,
              "order_rule_id": null,
              "service": [
                {
                  "service_type": "TCP",
                  "service_value": "80"
                },
                {
                  "service_type": "TCP",
                  "service_value": "443"
                }
              ],
              "source_address": [
                "0.0.0.0/0"
              ],
              "status": "ENABLE"
            },
            "id": "9970634395b84bcfae38df6b771b36a1"
          },
          "sensitive_attributes": [],
          "identity_schema_version": 0,
          "dependencies": [
            "samsungcloudplatformv2_firewall_firewall_rule.my_igw_fwrule_systemupdate",
            "samsungcloudplatformv2_vpc_internet_gateway.my_igw",
            "samsungcloudplatformv2_vpc_vpc.my_vpc"
          ]
        }
      ]
    },
    {
      "mode": "managed",
      "type": "samsungcloudplatformv2_mariadb_cluster",
      "name": "my_mariadb",
      "provider": "provider[\"registry.terraform.io/samsungsdscloud/samsungcloudplatformv2\"]",
      "instances": [
        {
          "schema_version": 0,
          "attributes": {
            "allowable_ip_addresses": [
              "192.168.0.0/24",
              "192.168.50.0/24"
            ],
            "dbaas_engine_version_id": "3c9cfd89573940d2ac4fe40465976319",
            "ha_enabled": false,
            "id": "19847f97c6f44581a8c0c313175216a0",
            "init_config_option": {
              "audit_enabled": false,
              "backup_option": {
                "archive_frequency_minute": null,
                "retention_period_day": null,
                "starting_time_hour": null
              },
              "database_character_set": "utf8",
              "database_name": "mdb",
              "database_port": 2866,
              "database_user_name": "dbadmin",
              "database_user_password": "ChangeMe123!@#"
            },
            "instance_groups": [
              {
                "block_storage_groups": [
                  {
                    "id": "c8b04cb0ab1649688f57bc49fd16c9d3",
                    "name": "mdb-Disk-00",
                    "role_type": "OS",
                    "size_gb": 104,
                    "volume_type": "SSD"
                  }
                ],
                "id": "33745a84f8e74c60bd6ca121c8bd92e8",
                "instances": [
                  {
                    "name": "tf-mariadb001",
                    "public_ip_id": null,
                    "role_type": "ACTIVE",
                    "service_ip_address": "192.168.100.120"
                  }
                ],
                "role_type": "ACTIVE",
                "server_type_name": "db1v1m2"
              }
            ],
            "instance_name_prefix": "tf-mariadb",
            "maintenance_option": {
              "period_hour": null,
              "starting_day_of_week": null,
              "starting_time": null,
              "use_maintenance_option": false
            },
            "name": "mdb",
            "nat_enabled": false,
            "service_state": "RUNNING",
            "subnet_id": "48e54b7ceda84211b720cb9a5dbf17e3",
            "tags": {
              "Environment": "hol4",
              "ManagedBy": "Terraform",
              "Project": "scp-terraform-hol3"
            },
            "timezone": "Asia/Seoul",
            "vip_public_ip_id": "",
            "virtual_ip_address": ""
          },
          "sensitive_attributes": [
            [
              {
                "type": "get_attr",
                "value": "init_config_option"
              },
              {
                "type": "get_attr",
                "value": "database_user_password"
              }
            ]
          ],
          "identity_schema_version": 0,
          "dependencies": [
            "samsungcloudplatformv2_vpc_subnet.db_subnet",
            "samsungcloudplatformv2_vpc_vpc.my_vpc"
          ]
        }
      ]
    },
    {
      "mode": "managed",
      "type": "samsungcloudplatformv2_security_group_security_group",
      "name": "db_sg",
      "provider": "provider[\"registry.terraform.io/samsungsdscloud/samsungcloudplatformv2\"]",
      "instances": [
        {
          "schema_version": 0,
          "attributes": {
            "description": "SecurityGroup generated from terraform",
            "id": "0158d6d8-309d-4001-b4ed-3f672fa11514",
            "loggable": false,
            "name": "tf-db-SG-hol4",
            "security_group": {
              "account_id": "bdcf2f95633b47ca8d615752614f46e1",
              "created_at": "2025-12-01T07:20:13Z",
              "created_by": "37a7368b7fb24174b4724e318bd7d4ab",
              "description": "SecurityGroup generated from terraform",
              "id": "0158d6d8-309d-4001-b4ed-3f672fa11514",
              "loggable": false,
              "modified_at": "2025-12-01T07:20:13Z",
              "modified_by": "37a7368b7fb24174b4724e318bd7d4ab",
              "name": "tf-db-SG-hol4",
              "rule_count": null,
              "state": "ACTIVE"
            },
            "tags": {
              "Environment": "hol4",
              "ManagedBy": "Terraform",
              "Project": "scp-terraform-hol3"
            }
          },
          "sensitive_attributes": [],
          "identity_schema_version": 0
        }
      ]
    },
    {
      "mode": "managed",
      "type": "samsungcloudplatformv2_security_group_security_group",
      "name": "k8s_sg",
      "provider": "provider[\"registry.terraform.io/samsungsdscloud/samsungcloudplatformv2\"]",
      "instances": [
        {
          "schema_version": 0,
          "attributes": {
            "description": "SecurityGroup generated from terraform",
            "id": "9e055d7b-7e3e-49a3-8cde-afe0684b9609",
            "loggable": false,
            "name": "tf-k8s-SG-hol4",
            "security_group": {
              "account_id": "bdcf2f95633b47ca8d615752614f46e1",
              "created_at": "2025-12-01T07:20:14Z",
              "created_by": "37a7368b7fb24174b4724e318bd7d4ab",
              "description": "SecurityGroup generated from terraform",
              "id": "9e055d7b-7e3e-49a3-8cde-afe0684b9609",
              "loggable": false,
              "modified_at": "2025-12-01T07:20:22Z",
              "modified_by": "37a7368b7fb24174b4724e318bd7d4ab",
              "name": "tf-k8s-SG-hol4",
              "rule_count": null,
              "state": "ACTIVE"
            },
            "tags": {
              "Environment": "hol4",
              "ManagedBy": "Terraform",
              "Project": "scp-terraform-hol3"
            }
          },
          "sensitive_attributes": [],
          "identity_schema_version": 0
        }
      ]
    },
    {
      "mode": "managed",
      "type": "samsungcloudplatformv2_security_group_security_group",
      "name": "lb_sg",
      "provider": "provider[\"registry.terraform.io/samsungsdscloud/samsungcloudplatformv2\"]",
      "instances": [
        {
          "schema_version": 0,
          "attributes": {
            "description": "SecurityGroup generated from terraform",
            "id": "07445fda-b5a1-4479-8127-a85037e7043b",
            "loggable": false,
            "name": "tf-lb-SG-hol4",
            "security_group": {
              "account_id": "bdcf2f95633b47ca8d615752614f46e1",
              "created_at": "2025-12-01T07:20:15Z",
              "created_by": "37a7368b7fb24174b4724e318bd7d4ab",
              "description": "SecurityGroup generated from terraform",
              "id": "07445fda-b5a1-4479-8127-a85037e7043b",
              "loggable": false,
              "modified_at": "2025-12-01T07:20:22Z",
              "modified_by": "37a7368b7fb24174b4724e318bd7d4ab",
              "name": "tf-lb-SG-hol4",
              "rule_count": null,
              "state": "ACTIVE"
            },
            "tags": {
              "Environment": "hol4",
              "ManagedBy": "Terraform",
              "Project": "scp-terraform-hol3"
            }
          },
          "sensitive_attributes": [],
          "identity_schema_version": 0
        }
      ]
    },
    {
      "mode": "managed",
      "type": "samsungcloudplatformv2_security_group_security_group_rule",
      "name": "allow_bastion_mariadb",
      "provider": "provider[\"registry.terraform.io/samsungsdscloud/samsungcloudplatformv2\"]",
      "instances": [
        {
          "schema_version": 0,
          "attributes": {
            "description": "SecurityGroup Rule generated from Terraform",
            "direction": "egress",
            "ethertype": "IPv4",
            "id": "31433ff9-8cdb-4581-b754-f7076444d99f",
            "port_range_max": 2866,
            "port_range_min": 2866,
            "protocol": "TCP",
            "remote_group_id": null,
            "remote_ip_prefix": "192.168.0.0/24",
            "security_group_id": "9e055d7b-7e3e-49a3-8cde-afe0684b9609",
            "security_group_rule": {
              "created_at": "2025-12-01T07:36:17Z",
              "created_by": "37a7368b7fb24174b4724e318bd7d4ab",
              "description": "SecurityGroup Rule generated from Terraform",
              "direction": "egress",
              "ethertype": "IPv4",
              "id": "31433ff9-8cdb-4581-b754-f7076444d99f",
              "modified_at": "2025-12-01T07:36:18Z",
              "modified_by": "37a7368b7fb24174b4724e318bd7d4ab",
              "port_range_max": 2866,
              "port_range_min": 2866,
              "protocol": "tcp",
              "remote_group_id": null,
              "remote_group_name": null,
              "remote_ip_prefix": "192.168.0.0/24",
              "security_group_id": "9e055d7b-7e3e-49a3-8cde-afe0684b9609"
            }
          },
          "sensitive_attributes": [],
          "identity_schema_version": 0,
          "dependencies": [
            "data.http.my_public_ip",
            "samsungcloudplatformv2_security_group_security_group.k8s_sg",
            "samsungcloudplatformv2_security_group_security_group_rule.my_sg_rule_kubectl",
            "samsungcloudplatformv2_security_group_security_group_rule.my_sg_rule_update_http"
          ]
        }
      ]
    },
    {
      "mode": "managed",
      "type": "samsungcloudplatformv2_security_group_security_group_rule",
      "name": "allow_k8s_mariadb",
      "provider": "provider[\"registry.terraform.io/samsungsdscloud/samsungcloudplatformv2\"]",
      "instances": [
        {
          "schema_version": 0,
          "attributes": {
            "description": "SecurityGroup Rule generated from Terraform",
            "direction": "egress",
            "ethertype": "IPv4",
            "id": "87606a93-174d-4125-bcbd-2db3c6d106d2",
            "port_range_max": 2866,
            "port_range_min": 2866,
            "protocol": "TCP",
            "remote_group_id": null,
            "remote_ip_prefix": "192.168.50.0/24",
            "security_group_id": "9e055d7b-7e3e-49a3-8cde-afe0684b9609",
            "security_group_rule": {
              "created_at": "2025-12-01T07:36:19Z",
              "created_by": "37a7368b7fb24174b4724e318bd7d4ab",
              "description": "SecurityGroup Rule generated from Terraform",
              "direction": "egress",
              "ethertype": "IPv4",
              "id": "87606a93-174d-4125-bcbd-2db3c6d106d2",
              "modified_at": "2025-12-01T07:36:20Z",
              "modified_by": "37a7368b7fb24174b4724e318bd7d4ab",
              "port_range_max": 2866,
              "port_range_min": 2866,
              "protocol": "tcp",
              "remote_group_id": null,
              "remote_group_name": null,
              "remote_ip_prefix": "192.168.50.0/24",
              "security_group_id": "9e055d7b-7e3e-49a3-8cde-afe0684b9609"
            }
          },
          "sensitive_attributes": [],
          "identity_schema_version": 0,
          "dependencies": [
            "data.http.my_public_ip",
            "samsungcloudplatformv2_security_group_security_group.k8s_sg",
            "samsungcloudplatformv2_security_group_security_group_rule.allow_bastion_mariadb",
            "samsungcloudplatformv2_security_group_security_group_rule.my_sg_rule_kubectl",
            "samsungcloudplatformv2_security_group_security_group_rule.my_sg_rule_update_http"
          ]
        }
      ]
    },
    {
      "mode": "managed",
      "type": "samsungcloudplatformv2_security_group_security_group_rule",
      "name": "allow_ssh_internal",
      "provider": "provider[\"registry.terraform.io/samsungsdscloud/samsungcloudplatformv2\"]",
      "instances": [
        {
          "schema_version": 0,
          "attributes": {
            "description": "SecurityGroup Rule generated from Terraform",
            "direction": "ingress",
            "ethertype": "IPv4",
            "id": "1574a657-faae-4483-b928-4ed571dc22a7",
            "port_range_max": 22,
            "port_range_min": 22,
            "protocol": "TCP",
            "remote_group_id": null,
            "remote_ip_prefix": "192.168.0.0/24",
            "security_group_id": "9e055d7b-7e3e-49a3-8cde-afe0684b9609",
            "security_group_rule": {
              "created_at": "2025-12-01T07:36:22Z",
              "created_by": "37a7368b7fb24174b4724e318bd7d4ab",
              "description": "SecurityGroup Rule generated from Terraform",
              "direction": "ingress",
              "ethertype": "IPv4",
              "id": "1574a657-faae-4483-b928-4ed571dc22a7",
              "modified_at": "2025-12-01T07:36:22Z",
              "modified_by": "37a7368b7fb24174b4724e318bd7d4ab",
              "port_range_max": 22,
              "port_range_min": 22,
              "protocol": "tcp",
              "remote_group_id": null,
              "remote_group_name": null,
              "remote_ip_prefix": "192.168.0.0/24",
              "security_group_id": "9e055d7b-7e3e-49a3-8cde-afe0684b9609"
            }
          },
          "sensitive_attributes": [],
          "identity_schema_version": 0,
          "dependencies": [
            "data.http.my_public_ip",
            "samsungcloudplatformv2_security_group_security_group.k8s_sg",
            "samsungcloudplatformv2_security_group_security_group_rule.allow_bastion_mariadb",
            "samsungcloudplatformv2_security_group_security_group_rule.allow_k8s_mariadb",
            "samsungcloudplatformv2_security_group_security_group_rule.my_sg_rule_kubectl",
            "samsungcloudplatformv2_security_group_security_group_rule.my_sg_rule_update_http"
          ]
        }
      ]
    },
    {
      "mode": "managed",
      "type": "samsungcloudplatformv2_security_group_security_group_rule",
      "name": "my_sg_rule_kubectl",
      "provider": "provider[\"registry.terraform.io/samsungsdscloud/samsungcloudplatformv2\"]",
      "instances": [
        {
          "schema_version": 0,
          "attributes": {
            "description": "SecurityGroup Rule generated from Terraform",
            "direction": "ingress",
            "ethertype": "IPv4",
            "id": "8e10da72-2f21-47c0-88a0-61f289bbdd28",
            "port_range_max": 6443,
            "port_range_min": 6443,
            "protocol": "TCP",
            "remote_group_id": null,
            "remote_ip_prefix": "123.41.32.115",
            "security_group_id": "9e055d7b-7e3e-49a3-8cde-afe0684b9609",
            "security_group_rule": {
              "created_at": "2025-12-01T07:20:16Z",
              "created_by": "37a7368b7fb24174b4724e318bd7d4ab",
              "description": "SecurityGroup Rule generated from Terraform",
              "direction": "ingress",
              "ethertype": "IPv4",
              "id": "8e10da72-2f21-47c0-88a0-61f289bbdd28",
              "modified_at": "2025-12-01T07:20:16Z",
              "modified_by": "37a7368b7fb24174b4724e318bd7d4ab",
              "port_range_max": 6443,
              "port_range_min": 6443,
              "protocol": "tcp",
              "remote_group_id": null,
              "remote_group_name": null,
              "remote_ip_prefix": "123.41.32.115/32",
              "security_group_id": "9e055d7b-7e3e-49a3-8cde-afe0684b9609"
            }
          },
          "sensitive_attributes": [],
          "identity_schema_version": 0,
          "dependencies": [
            "data.http.my_public_ip",
            "samsungcloudplatformv2_security_group_security_group.k8s_sg"
          ]
        }
      ]
    },
    {
      "mode": "managed",
      "type": "samsungcloudplatformv2_security_group_security_group_rule",
      "name": "my_sg_rule_lb_http",
      "provider": "provider[\"registry.terraform.io/samsungsdscloud/samsungcloudplatformv2\"]",
      "instances": [
        {
          "schema_version": 0,
          "attributes": {
            "description": "SecurityGroup Rule generated from Terraform",
            "direction": "ingress",
            "ethertype": "IPv4",
            "id": "38997884-bf96-4981-8995-c367e88786bf",
            "port_range_max": 80,
            "port_range_min": 80,
            "protocol": "TCP",
            "remote_group_id": null,
            "remote_ip_prefix": "0.0.0.0/0",
            "security_group_id": "07445fda-b5a1-4479-8127-a85037e7043b",
            "security_group_rule": {
              "created_at": "2025-12-01T07:20:19Z",
              "created_by": "37a7368b7fb24174b4724e318bd7d4ab",
              "description": "SecurityGroup Rule generated from Terraform",
              "direction": "ingress",
              "ethertype": "IPv4",
              "id": "38997884-bf96-4981-8995-c367e88786bf",
              "modified_at": "2025-12-01T07:20:19Z",
              "modified_by": "37a7368b7fb24174b4724e318bd7d4ab",
              "port_range_max": 80,
              "port_range_min": 80,
              "protocol": "tcp",
              "remote_group_id": null,
              "remote_group_name": null,
              "remote_ip_prefix": "0.0.0.0/0",
              "security_group_id": "07445fda-b5a1-4479-8127-a85037e7043b"
            }
          },
          "sensitive_attributes": [],
          "identity_schema_version": 0,
          "dependencies": [
            "samsungcloudplatformv2_security_group_security_group.lb_sg"
          ]
        }
      ]
    },
    {
      "mode": "managed",
      "type": "samsungcloudplatformv2_security_group_security_group_rule",
      "name": "my_sg_rule_lb_https",
      "provider": "provider[\"registry.terraform.io/samsungsdscloud/samsungcloudplatformv2\"]",
      "instances": [
        {
          "schema_version": 0,
          "attributes": {
            "description": "SecurityGroup Rule generated from Terraform",
            "direction": "ingress",
            "ethertype": "IPv4",
            "id": "3398e004-409a-4367-97cb-08c5125fbade",
            "port_range_max": 443,
            "port_range_min": 443,
            "protocol": "TCP",
            "remote_group_id": null,
            "remote_ip_prefix": "0.0.0.0/0",
            "security_group_id": "07445fda-b5a1-4479-8127-a85037e7043b",
            "security_group_rule": {
              "created_at": "2025-12-01T07:20:22Z",
              "created_by": "37a7368b7fb24174b4724e318bd7d4ab",
              "description": "SecurityGroup Rule generated from Terraform",
              "direction": "ingress",
              "ethertype": "IPv4",
              "id": "3398e004-409a-4367-97cb-08c5125fbade",
              "modified_at": "2025-12-01T07:20:22Z",
              "modified_by": "37a7368b7fb24174b4724e318bd7d4ab",
              "port_range_max": 443,
              "port_range_min": 443,
              "protocol": "tcp",
              "remote_group_id": null,
              "remote_group_name": null,
              "remote_ip_prefix": "0.0.0.0/0",
              "security_group_id": "07445fda-b5a1-4479-8127-a85037e7043b"
            }
          },
          "sensitive_attributes": [],
          "identity_schema_version": 0,
          "dependencies": [
            "samsungcloudplatformv2_security_group_security_group.lb_sg",
            "samsungcloudplatformv2_security_group_security_group_rule.my_sg_rule_lb_http"
          ]
        }
      ]
    },
    {
      "mode": "managed",
      "type": "samsungcloudplatformv2_security_group_security_group_rule",
      "name": "my_sg_rule_update_http",
      "provider": "provider[\"registry.terraform.io/samsungsdscloud/samsungcloudplatformv2\"]",
      "instances": [
        {
          "schema_version": 0,
          "attributes": {
            "description": "SecurityGroup Rule generated from Terraform",
            "direction": "egress",
            "ethertype": "IPv4",
            "id": "2266e20b-2e12-4f2c-8811-7223a85cefb7",
            "port_range_max": 80,
            "port_range_min": 80,
            "protocol": "TCP",
            "remote_group_id": null,
            "remote_ip_prefix": "0.0.0.0/0",
            "security_group_id": "9e055d7b-7e3e-49a3-8cde-afe0684b9609",
            "security_group_rule": {
              "created_at": "2025-12-01T07:20:18Z",
              "created_by": "37a7368b7fb24174b4724e318bd7d4ab",
              "description": "SecurityGroup Rule generated from Terraform",
              "direction": "egress",
              "ethertype": "IPv4",
              "id": "2266e20b-2e12-4f2c-8811-7223a85cefb7",
              "modified_at": "2025-12-01T07:20:19Z",
              "modified_by": "37a7368b7fb24174b4724e318bd7d4ab",
              "port_range_max": 80,
              "port_range_min": 80,
              "protocol": "tcp",
              "remote_group_id": null,
              "remote_group_name": null,
              "remote_ip_prefix": "0.0.0.0/0",
              "security_group_id": "9e055d7b-7e3e-49a3-8cde-afe0684b9609"
            }
          },
          "sensitive_attributes": [],
          "identity_schema_version": 0,
          "dependencies": [
            "data.http.my_public_ip",
            "samsungcloudplatformv2_security_group_security_group.k8s_sg",
            "samsungcloudplatformv2_security_group_security_group_rule.my_sg_rule_kubectl"
          ]
        }
      ]
    },
    {
      "mode": "managed",
      "type": "samsungcloudplatformv2_security_group_security_group_rule",
      "name": "my_sg_rule_update_https",
      "provider": "provider[\"registry.terraform.io/samsungsdscloud/samsungcloudplatformv2\"]",
      "instances": [
        {
          "schema_version": 0,
          "attributes": {
            "description": "SecurityGroup Rule generated from Terraform",
            "direction": "egress",
            "ethertype": "IPv4",
            "id": "db6578d4-8dc2-4c3a-885f-3b7f5d4f6d24",
            "port_range_max": 443,
            "port_range_min": 443,
            "protocol": "TCP",
            "remote_group_id": null,
            "remote_ip_prefix": "0.0.0.0/0",
            "security_group_id": "9e055d7b-7e3e-49a3-8cde-afe0684b9609",
            "security_group_rule": {
              "created_at": "2025-12-01T07:20:21Z",
              "created_by": "37a7368b7fb24174b4724e318bd7d4ab",
              "description": "SecurityGroup Rule generated from Terraform",
              "direction": "egress",
              "ethertype": "IPv4",
              "id": "db6578d4-8dc2-4c3a-885f-3b7f5d4f6d24",
              "modified_at": "2025-12-01T07:20:22Z",
              "modified_by": "37a7368b7fb24174b4724e318bd7d4ab",
              "port_range_max": 443,
              "port_range_min": 443,
              "protocol": "tcp",
              "remote_group_id": null,
              "remote_group_name": null,
              "remote_ip_prefix": "0.0.0.0/0",
              "security_group_id": "9e055d7b-7e3e-49a3-8cde-afe0684b9609"
            }
          },
          "sensitive_attributes": [],
          "identity_schema_version": 0,
          "dependencies": [
            "data.http.my_public_ip",
            "samsungcloudplatformv2_security_group_security_group.k8s_sg",
            "samsungcloudplatformv2_security_group_security_group_rule.my_sg_rule_kubectl",
            "samsungcloudplatformv2_security_group_security_group_rule.my_sg_rule_update_http"
          ]
        }
      ]
    },
    {
      "mode": "managed",
      "type": "samsungcloudplatformv2_vpc_internet_gateway",
      "name": "my_igw",
      "provider": "provider[\"registry.terraform.io/samsungsdscloud/samsungcloudplatformv2\"]",
      "instances": [
        {
          "schema_version": 0,
          "attributes": {
            "description": "Internet GW generated from Terraform",
            "firewall_enabled": true,
            "firewall_loggable": false,
            "id": "f9006171d8aa4664a375841f2dd9d454",
            "internet_gateway": {
              "account_id": "bdcf2f95633b47ca8d615752614f46e1",
              "created_at": "2025-12-01T07:20:16Z",
              "created_by": "37a7368b7fb24174b4724e318bd7d4ab",
              "description": "Internet GW generated from Terraform",
              "firewall_id": "bf18029a36414136acfa7d152c72ef08",
              "id": "f9006171d8aa4664a375841f2dd9d454",
              "loggable": false,
              "modified_at": "2025-12-01T07:20:36Z",
              "modified_by": "37a7368b7fb24174b4724e318bd7d4ab",
              "name": "IGW_tf-vpc-hol4",
              "state": "ACTIVE",
              "type": "IGW",
              "vpc_id": "909579575c2745cd829d13689be6ed8f",
              "vpc_name": "tf-vpc-hol4"
            },
            "loggable": null,
            "tags": {
              "Environment": "hol4",
              "ManagedBy": "Terraform",
              "Project": "scp-terraform-hol3"
            },
            "type": "IGW",
            "vpc_id": "909579575c2745cd829d13689be6ed8f"
          },
          "sensitive_attributes": [],
          "identity_schema_version": 0,
          "dependencies": [
            "samsungcloudplatformv2_vpc_vpc.my_vpc"
          ]
        }
      ]
    },
    {
      "mode": "managed",
      "type": "samsungcloudplatformv2_vpc_subnet",
      "name": "db_subnet",
      "provider": "provider[\"registry.terraform.io/samsungsdscloud/samsungcloudplatformv2\"]",
      "instances": [
        {
          "schema_version": 0,
          "attributes": {
            "account_id": "bdcf2f95633b47ca8d615752614f46e1",
            "allocation_pools": null,
            "cidr": "192.168.100.0/24",
            "created_at": "2025-12-01T07:20:17Z",
            "created_by": "37a7368b7fb24174b4724e318bd7d4ab",
            "description": "DB Subnet",
            "dns_nameservers": null,
            "gateway_ip_address": "192.168.100.1",
            "host_routes": null,
            "id": "48e54b7ceda84211b720cb9a5dbf17e3",
            "modified_at": "2025-12-01T07:26:06Z",
            "modified_by": "37a7368b7fb24174b4724e318bd7d4ab",
            "name": "tfDBSUBhol4",
            "state": "ACTIVE",
            "tags": {
              "Environment": "hol4",
              "ManagedBy": "Terraform",
              "Project": "scp-terraform-hol3"
            },
            "type": "GENERAL",
            "vpc_id": "909579575c2745cd829d13689be6ed8f",
            "vpc_name": "tf-vpc-hol4"
          },
          "sensitive_attributes": [],
          "identity_schema_version": 0,
          "dependencies": [
            "samsungcloudplatformv2_vpc_vpc.my_vpc"
          ]
        }
      ]
    },
    {
      "mode": "managed",
      "type": "samsungcloudplatformv2_vpc_subnet",
      "name": "k8s_subnet",
      "provider": "provider[\"registry.terraform.io/samsungsdscloud/samsungcloudplatformv2\"]",
      "instances": [
        {
          "schema_version": 0,
          "attributes": {
            "account_id": "bdcf2f95633b47ca8d615752614f46e1",
            "allocation_pools": null,
            "cidr": "192.168.50.0/24",
            "created_at": "2025-12-01T07:20:16Z",
            "created_by": "37a7368b7fb24174b4724e318bd7d4ab",
            "description": "k8s Subnet",
            "dns_nameservers": null,
            "gateway_ip_address": "192.168.50.1",
            "host_routes": null,
            "id": "59cb14938f5e4dacb23e2c9ff76b9fc2",
            "modified_at": "2025-12-01T07:23:22Z",
            "modified_by": "37a7368b7fb24174b4724e318bd7d4ab",
            "name": "tfPRISUBhol4",
            "state": "ACTIVE",
            "tags": {
              "Environment": "hol4",
              "ManagedBy": "Terraform",
              "Project": "scp-terraform-hol3"
            },
            "type": "GENERAL",
            "vpc_id": "909579575c2745cd829d13689be6ed8f",
            "vpc_name": "tf-vpc-hol4"
          },
          "sensitive_attributes": [],
          "identity_schema_version": 0,
          "dependencies": [
            "samsungcloudplatformv2_vpc_vpc.my_vpc"
          ]
        }
      ]
    },
    {
      "mode": "managed",
      "type": "samsungcloudplatformv2_vpc_subnet",
      "name": "lb_subnet",
      "provider": "provider[\"registry.terraform.io/samsungsdscloud/samsungcloudplatformv2\"]",
      "instances": [
        {
          "schema_version": 0,
          "attributes": {
            "account_id": "bdcf2f95633b47ca8d615752614f46e1",
            "allocation_pools": null,
            "cidr": "192.168.0.0/24",
            "created_at": "2025-12-01T07:20:19Z",
            "created_by": "37a7368b7fb24174b4724e318bd7d4ab",
            "description": "Loadbalancer  Subnet",
            "dns_nameservers": null,
            "gateway_ip_address": "192.168.0.1",
            "host_routes": null,
            "id": "d78d76f3ec0243cbbaeb59f5feb95778",
            "modified_at": "2025-12-01T07:26:10Z",
            "modified_by": "37a7368b7fb24174b4724e318bd7d4ab",
            "name": "tfPUBSUBhol4",
            "state": "ACTIVE",
            "tags": {
              "Environment": "hol4",
              "ManagedBy": "Terraform",
              "Project": "scp-terraform-hol3"
            },
            "type": "GENERAL",
            "vpc_id": "909579575c2745cd829d13689be6ed8f",
            "vpc_name": "tf-vpc-hol4"
          },
          "sensitive_attributes": [],
          "identity_schema_version": 0,
          "dependencies": [
            "samsungcloudplatformv2_vpc_vpc.my_vpc"
          ]
        }
      ]
    },
    {
      "mode": "managed",
      "type": "samsungcloudplatformv2_vpc_vpc",
      "name": "my_vpc",
      "provider": "provider[\"registry.terraform.io/samsungsdscloud/samsungcloudplatformv2\"]",
      "instances": [
        {
          "schema_version": 0,
          "attributes": {
            "cidr": "192.168.0.0/16",
            "description": "Vpc generated from Terraform",
            "id": "909579575c2745cd829d13689be6ed8f",
            "name": "tf-vpc-hol4",
            "tags": {
              "Environment": "hol4",
              "ManagedBy": "Terraform",
              "Project": "scp-terraform-hol3"
            },
            "vpc": {
              "account_id": "bdcf2f95633b47ca8d615752614f46e1",
              "cidr": "192.168.0.0/16",
              "created_at": "2025-12-01T07:20:14Z",
              "created_by": "37a7368b7fb24174b4724e318bd7d4ab",
              "description": "Vpc generated from Terraform",
              "id": "909579575c2745cd829d13689be6ed8f",
              "modified_at": "2025-12-01T07:20:14Z",
              "modified_by": "37a7368b7fb24174b4724e318bd7d4ab",
              "name": "tf-vpc-hol4",
              "state": "ACTIVE"
            }
          },
          "sensitive_attributes": [],
          "identity_schema_version": 0
        }
      ]
    }
  ],
  "check_results": null
}
